
Microsoft Visual Studio Solution File, Format Version 12.00
# Visual Studio 15
VisualStudioVersion = 15.0.27004.2010
MinimumVisualStudioVersion = 10.0.40219.1
Project("{FAE04EC0-301F-11D3-BF4B-00C04F79EFBC}") = "Basic Calculator", "Basic Calculator\Basic Calculator.csproj", "{27B9F96D-2F38-4F2A-A915-4D6B5982D747}"
EndProject
Project("{FAE04EC0-301F-11D3-BF4B-00C04F79EFBC}") = "Unit Tests", "Unit Tests\Unit Tests.csproj", "{3C6C2A38-BF08-4C06-9098-A51E28E04F2D}"
EndProject
Global
	GlobalSection(SolutionConfigurationPlatforms) = preSolution
		Debug|Any CPU = Debug|Any CPU
		Release|Any CPU = Release|Any CPU
	EndGlobalSection
	GlobalSection(ProjectConfigurationPlatforms) = postSolution
		{27B9F96D-2F38-4F2A-A915-4D6B5982D747}.Debug|Any CPU.ActiveCfg = Debug|Any CPU
		{27B9F96D-2F38-4F2A-A915-4D6B5982D747}.Debug|Any CPU.Build.0 = Debug|Any CPU
		{27B9F96D-2F38-4F2A-A915-4D6B5982D747}.Release|Any CPU.ActiveCfg = Release|Any CPU
		{27B9F96D-2F38-4F2A-A915-4D6B5982D747}.Release|Any CPU.Build.0 = Release|Any CPU
		{3C6C2A38-BF08-4C06-9098-A51E28E04F2D}.Debug|Any CPU.ActiveCfg = Debug|Any CPU
		{3C6C2A38-BF08-4C06-9098-A51E28E04F2D}.Debug|Any CPU.Build.0 = Debug|Any CPU
		{3C6C2A38-BF08-4C06-9098-A51E28E04F2D}.Release|Any CPU.ActiveCfg = Release|Any CPU
		{3C6C2A38-BF08-4C06-9098-A51E28E04F2D}.Release|Any CPU.Build.0 = Release|Any CPU
	EndGlobalSection
	GlobalSection(SolutionProperties) = preSolution
		HideSolutionNode = FALSE
	EndGlobalSection
	GlobalSection(ExtensibilityGlobals) = postSolution
		SolutionGuid = {DFBC25B5-CE8A-4F33-92D0-FA6427DA4FA5}
	EndGlobalSection
EndGlobal
